{
  "name": "aquarium",
  "version": "0.0.1",
  "lockfileVersion": 2,
  "requires": true,
  "packages": {
    "": {
      "name": "aquarium",
      "version": "0.0.1",
      "dependencies": {
        "pinecone": "^0.1.0"
      },
      "engines": {
        "vscode": "^1.75.0"
      }
    },
    "node_modules/acorn": {
      "version": "0.5.0",
      "resolved": "https://registry.npmjs.org/acorn/-/acorn-0.5.0.tgz",
      "integrity": "sha512-C+F0F79vOrEG1cNTBTKDJma7LSiWl6AkWJd1lqt6W784YLQSD+bFBLAbbLOXDHSr7+vSZvy5cX3CTMsCgocfxQ==",
      "bin": {
        "acorn": "bin/acorn"
      },
      "engines": {
        "node": ">=0.4.0"
      }
    },
    "node_modules/debug": {
      "version": "0.8.1",
      "resolved": "https://registry.npmjs.org/debug/-/debug-0.8.1.tgz",
      "integrity": "sha512-HlXEJm99YsRjLJ8xmuz0Lq8YUwrv7hAJkTEr6/Em3sUlSUNl0UdFA+1SrY4fnykeq1FVkUEUtwRGHs9VvlYbGA==",
      "engines": {
        "node": "*"
      }
    },
    "node_modules/fast.js": {
      "version": "0.0.3",
      "resolved": "https://registry.npmjs.org/fast.js/-/fast.js-0.0.3.tgz",
      "integrity": "sha512-BhCxo8TngNuFEflJydq06QJKFRnwh/HkFM36qFGibFzwImNr0u5gKtT0HiJGJT/jxBL322BBbc3C4g2+njAUIA=="
    },
    "node_modules/minimist": {
      "version": "1.2.7",
      "resolved": "https://registry.npmjs.org/minimist/-/minimist-1.2.7.tgz",
      "integrity": "sha512-bzfL1YUZsP41gmu/qjrEk0Q6i2ix/cVeAhbCbqH9u3zYutS1cLg00qhrD0M2MVdCcx4Sc0UpP2eBWo9rotpq6g==",
      "funding": {
        "url": "https://github.com/sponsors/ljharb"
      }
    },
    "node_modules/pinecone": {
      "version": "0.1.0",
      "resolved": "https://registry.npmjs.org/pinecone/-/pinecone-0.1.0.tgz",
      "integrity": "sha512-iKu0Vs4ijfueG9fRoOfJ6Ko0Yb/y/XK2kmNXz9WgG8LuDwneXWcmPQqhm7nUvAxFroQQdGSmM2zM33d4l/4UfQ==",
      "dependencies": {
        "acorn": "~0.5.0",
        "debug": "^0.8.1",
        "fast.js": "0.0.3",
        "minimist": "^1.1.0"
      },
      "bin": {
        "pinecone": "bin/pinecone"
      }
    }
  },
  "dependencies": {
    "acorn": {
      "version": "0.5.0",
      "resolved": "https://registry.npmjs.org/acorn/-/acorn-0.5.0.tgz",
      "integrity": "sha512-C+F0F79vOrEG1cNTBTKDJma7LSiWl6AkWJd1lqt6W784YLQSD+bFBLAbbLOXDHSr7+vSZvy5cX3CTMsCgocfxQ=="
    },
    "debug": {
      "version": "0.8.1",
      "resolved": "https://registry.npmjs.org/debug/-/debug-0.8.1.tgz",
      "integrity": "sha512-HlXEJm99YsRjLJ8xmuz0Lq8YUwrv7hAJkTEr6/Em3sUlSUNl0UdFA+1SrY4fnykeq1FVkUEUtwRGHs9VvlYbGA=="
    },
    "fast.js": {
      "version": "0.0.3",
      "resolved": "https://registry.npmjs.org/fast.js/-/fast.js-0.0.3.tgz",
      "integrity": "sha512-BhCxo8TngNuFEflJydq06QJKFRnwh/HkFM36qFGibFzwImNr0u5gKtT0HiJGJT/jxBL322BBbc3C4g2+njAUIA=="
    },
    "minimist": {
      "version": "1.2.7",
      "resolved": "https://registry.npmjs.org/minimist/-/minimist-1.2.7.tgz",
      "integrity": "sha512-bzfL1YUZsP41gmu/qjrEk0Q6i2ix/cVeAhbCbqH9u3zYutS1cLg00qhrD0M2MVdCcx4Sc0UpP2eBWo9rotpq6g=="
    },
    "pinecone": {
      "version": "0.1.0",
      "resolved": "https://registry.npmjs.org/pinecone/-/pinecone-0.1.0.tgz",
      "integrity": "sha512-iKu0Vs4ijfueG9fRoOfJ6Ko0Yb/y/XK2kmNXz9WgG8LuDwneXWcmPQqhm7nUvAxFroQQdGSmM2zM33d4l/4UfQ==",
      "requires": {
        "acorn": "~0.5.0",
        "debug": "^0.8.1",
        "fast.js": "0.0.3",
        "minimist": "^1.1.0"
      }
    }
  }
}
